# The fitted tables' lock file (plan 15, P15.T2): written by `hyperion-fit run`, read by
# `hyperion-fit check`. Do not edit.

[[table]]
name = "chabrier"
path = "chabrier.rs"
task = "chabrier"
revision = 1
inputs_sha256 = "ba78b5c24c758488b801da0ac940b383e36caca25147dc04bc02b0cfc65bc030"
body_sha256 = "48a15ea4f829ed94761d32db041f73dfb47a29d9170c727f01783552c70d5ed2"
fingerprint = [0.7222612477767937, 0.1276205961457899, 0.1301055942610584, 0.020012561816357913]
since_generator_version = 14
provisional = false
acceptance = "s = 0.9201 (1σ 0.8507–0.9927; under the IFMRs of Cummings 2018 0.8957, El-Badry 2018 0.9352); over primaries below 8 M☉: band shares A–D 67.7, 12.0, 16.8, 3.45% against 66.5, 12.8, 17.8, 2.85%, misses of -0.73, +1.19, +1.15, -1.53 Poisson errors, χ² 5.62 on 2 dof (passes); all stars below 0.5 M☉ 69.84% in 67.8–71.0% (passes); local mid-plane mean per system in stars and white dwarfs 0.5517 M☉ in 0.54–0.60 (passes). Reported: the all-inclusive local mean 0.6115 M☉, of which neutron stars and black holes 0.0530; the primaries' mean present mass 0.4027 M☉ against the census's 0.437"

[[table]]
name = "cluster_bh"
path = "cluster_dynamics.rs"
task = "cluster_bh"
revision = 0
inputs_sha256 = "4efee92684d31ad81aac4f53fdfc763c4b5d402a75211fe60edac1bf384906d6"
body_sha256 = "964586543142493ab4b88be0dd39b88e609d69f935c3e231310b7227bbdc8b20"
fingerprint = [0.5859340259539524, 0.04870347946249036, 7.98070989792187]
since_generator_version = 15
provisional = true
acceptance = "fitted β = 1.5623e-21, ψ₁ = 64780543383733190656.00 (β ψ₁ = 0.1012) at k = 2.5 and c = 0.138 (β and c enter only as β ÷ c) over 124 CMC models at 14 Gyr (1 of them dissolved to under 500 M☉ and left out), 97 retaining any: rms 0.476 dex in log₁₀(1 + N) over those (under 0.3; FAILS; 1.716 at the scratch constants); 19 of 34 predicted empty are empty (FAILS); on the Baumgardt–Hilker catalogue at 12 Gyr, the most in a cluster past 14 t★ 25.88 (FAILS), the median over 3 × 10⁵ M☉ 694 (tens to a few hundred; FAILS), ω Centauri 12167 (thousands; FAILS), 0.006 past the core-collapse line with none (0.15–0.25; FAILS); the table keeps plan 09's scratch β 0.0028, ψ₁ 147 until a ruling"

[[table]]
name = "cluster_retention"
path = "cluster_retention.rs"
task = "cluster_retention"
revision = 0
inputs_sha256 = "b23c1c962b071a17cf39dd5aabc161d29b71e684795831b4b0f0d7d64f66f2d7"
body_sha256 = "65ecdd71d874b61205cc20026918e47b7b8c7d793f51082432b9448b30133ec9"
fingerprint = [7.999999999999998, 100.00000000000004, -2.3010299956639813, 0.17609125905568124, 0.1, 499.9999999999999, 0.9999999999999918, 0.0, 0.38320536780072606, 0.0, 0.0, 0.02276411725143112, 0.416991557056143, 0.616794632124647, 0.0, 0.0, 0.0, 0.0, 0.0, 0.0, 0.0, 0.0, 0.4356036781681426, 0.0, 0.0, 0.0, 0.0, 0.001737317651571491, 0.012566721104308134, 0.12534630987471304, 0.5643963218318642, 0.2654526734144497, 0.0, 0.0, 0.0, 0.10462624428328901, 0.27664812006638173, 0.2989380580986681, 0.0, 0.0, 0.0, 0.0, 0.0, 0.0, 0.0, 0.0, 1.0, 1.0, 0.0, 0.0, 0.0, 0.0, 0.0, 0.0]
since_generator_version = 16
provisional = false
acceptance = "at 64 off-node points ([Fe/H] [-1.95, -1.1, -0.43, 0.05], v [3.3, 17.0, 45.0, 120.0] km/s, Chabrier and Kroupa), the tabulated neutron-star and black-hole retention within 0.00002 absolute of the exact quadrature where it is 0.05 or less and 0.0195 relative where it exceeds 0.05 (ruling 139.5: 0.005 and 3%; met); largest absolute 0.01299"

[[table]]
name = "displaced_forms"
path = "displaced_forms.rs"
task = "displaced_forms"
revision = 0
inputs_sha256 = "349d91b7c28bb56bf4dfad997f2cae86b5e316603f32d341bc337021432a3bd8"
body_sha256 = "c0f23cfb3ade5d3851ff58f45cf810967d4e828c5698f2880853a2fab448f9a0"
fingerprint = [7000.0, 223.96085201572214, 2.5745808582515446, 130.6894785661944, 1.24, 0.0054, 0.26, 1000.0, 1500.0, 0.04, 2000.0, 2500.0]
since_generator_version = 16
provisional = true
acceptance = "on P15.T6.b's smoke histograms (211 orbits): disc-born weighted mean misplaced share 0.9661 (unregularised 0.9641, λ 0.01); 52 of 56 classes with a parameter on a box edge, 19 of them over 10⁻⁴ of the weight; 66 second-difference sign changes along the rows; worst misplaced share thick disc 0.986, halo 0.983, bulge 0.998, bar 1.000, nuclear disc 0.999; own-form shares at the fixture's corotation ratio 1.24, bar 1.00, 0.00, 0.00, 0.00, bulge 0.00, 0.00, 0.00, 0.00, nuclear disc 1.00, 0.00, 0.00, 0.00; bar elongation over the control 0.80, -2.04, 1.04, 0.80, -, -, -, - and length within 0.76 of it; slowest thin class's mean rotation 0.889 `v_c`, fastest's -; the neutron stars' half-density height at 26,000 ly 238 pc; hypervelocity row misplaced 0.053, 29123 survivors inside the cube (26849 slow, 2273 fast; mean path 78662 ly), 0.017 of slow launches below 1.5 times the local escape speed. Not yet run: the universality potentials, plan 08's births' baseline and the other halo masses and corotation ratios (P15.T6.d–e), and the kick-law reweighting of the unbound, in-cube and phase-mixing checks (the histograms hold no total unbound count and one last age bin)"

[[table]]
name = "equipartition"
path = "cluster_dynamics.rs"
task = "equipartition"
revision = 0
inputs_sha256 = "f46e73a140d825480a77e18cd79ab37ad3ce3531a665c870ff0184ffb20d0402"
body_sha256 = "9a2e9fbef5a98ae3185bc365014401803712d89f5f1806decbbc7553138aea5e"
fingerprint = [0.8330288595208089, 31.2727950943177, 0.38825650148602775, 0.37499999999999994, 0.612]
since_generator_version = 15
provisional = true
acceptance = "η = 0.1675 at δ = 0.5 over 40 multimass King models (W₀ [3.0, 4.0, 5.0, 6.0, 7.0, 8.0, 9.0, 10.0], slopes [-1.5, -1.0, -0.5, 0.0, 0.5]; concentrations 0.81–2.08; mass fractions within 8.7e-12): in 0.8–1.0 (ruling 139.2; FAILS); the living classes' half-mass radii below the turn-off within 0.282 (FAILS; 10%); at plan 09's η = 1 within 0.921; the table keeps plan 09's η until a ruling"

[[table]]
name = "giant_cooling"
path = "giant_cooling.rs"
task = "giant_cooling"
revision = 0
inputs_sha256 = "f468826f1e3c3c80cb8a90021e776d20b834b36407311a7071a70d65408269ce"
body_sha256 = "a5901b07a48e7903906a7b223bf0a5311a8a372b71cb4cfe2b02f978bf743637"
fingerprint = [1898124597336050500000000000.0, 382800000000000000000000000.0, 695700000.0]
since_generator_version = 11
provisional = false
acceptance = "over the 455 rows, fit minus grid, log₁₀ L within 0.046 dex (rms 0.008) and R within 0.60% (rms 0.12%)"

[[table]]
name = "kick_rank"
path = "kick_rank.rs"
task = "kick_rank"
revision = 1
inputs_sha256 = "997c5f8c2bc05e7533413420e12f3bd12c1ebf068117256ea67d4f3369a01a04"
body_sha256 = "46c38ec84d72ea4686dad6f34231e7a62831bbc4a22d1798e02aa604bef2ee73"
fingerprint = [1.37, 1.37, 1.8423204055145894, 1.2000058311463526, 2.4085944800254784, 1.604297240012739, 3.325821827841992, 1.4325821828291228, 5.0077445862515795, 6.811951403465913, 6.747722114921276, 8.877208586350257, 7.972260428913055, 10.409751131825592, 11.927653994931292, 15.691973502837042, 0.45, 1.26, 46428852.83850509, 0.4194029742056137, 0.5246263558962185, 0.518193502001322]
since_generator_version = 16
provisional = true
acceptance = "100000 fresh scores through the table give ln(v ÷ km/s) of mean 5.6000 and standard deviation 0.6774, rank clamped and untruncated; knots strictly increasing; largest shift of a knot's rank from the committed table 0.06227"

[[table]]
name = "mge"
path = "mge.rs"
task = "mge"
revision = 1
inputs_sha256 = "74e52180fba4ca14be6a2ad32f71fa447ed13e8c96a830856c3068daca748140"
body_sha256 = "516c9a020f2618c0b499ac48ca2252ef12f646cac0d7d96ecc4f37b705a3aa0b"
fingerprint = [0.55]
since_generator_version = 11
provisional = true
acceptance = "`MGE_EXP` within 1.289% of e^(−s) over s = 0.05–10; `MGE_BAR` within 2.88% of its central value over u = 0–2 and its mass within 0.212%"

[[table]]
name = "period_correction"
path = "period_correction.rs"
task = "period_correction"
revision = 0
inputs_sha256 = "1a89abede0e9e8f006b95278258df215e3beafd1a3519f32c49aa9b389734c44"
body_sha256 = "34501bdadcf01da46f8c164943cdb3cf1af9b4318418d52fdc53b1fe8fced62b"
fingerprint = [82.0, 316.94833949070386, 124.0, 492.44687660831846, 150.0, 594.6798667121063, 197.0, 744.236286347074]
since_generator_version = 14
provisional = false
acceptance = "after 12 iterations over 20000 systems a row, the worst bin's relative miss of its share before the last update: 0.0012 at 3.5 M☉ (28.87% of tries rejected, 7 of 16683 direct companions dropped); 0.0007 at 7 M☉ (53.70% of tries rejected, 58 of 25887 direct companions dropped); 0.0008 at 12 M☉ (70.87% of tries rejected, 127 of 31813 direct companions dropped); 0.0010 at 28 M☉ (72.78% of tries rejected, 241 of 41918 direct companions dropped)"

[[table]]
name = "pulsars"
path = "cluster_dynamics.rs"
task = "pulsars"
revision = 0
inputs_sha256 = "a93eaf6f23b593829cdae6a4c0bc45d69ae4a52714681b68893ac086cd3e960a"
body_sha256 = "f24767a95fc390d8f535c334f5ff904f5c2198140ed8d6a49f7dd9af71c40bfd"
since_generator_version = 15
provisional = true
acceptance = "fitted over 126 clusters (17 left out for want of a distance; 363 known pulsars): γ = 0.632 (0.5–0.9; passes), A = 38.0 at 47 Tucanae's Γ (30–50; passes), completeness distance 4.8 kpc; the implied total over the catalogue 1539 (2,000–8,000; FAILS); the table keeps plan 09's scratch A 40, γ 0.7 and cap 40 until a ruling"

[[table]]
name = "stellar_fates_high"
path = "stellar_fates_high.rs"
task = "stellar_fates_high"
revision = 0
inputs_sha256 = "ab3cd3282dbb1d3cafa85ebb8470c9790bd70e78c1a05feb65903bce1bcf0eea"
body_sha256 = "0bcd17130b9317fce32dbd74cf0645de9f8bd67bbd8fd2088e6e22b10e4602fd"
fingerprint = [6.9943222296256256, 5.0077445862515795, 6.665239455001237, 18.647754626514384]
since_generator_version = 16
provisional = false
acceptance = "8260 full tracks; 99 of 1633 cells (6.1%) left to the exact track; usable cells' bounds, median and 99th percentile: death age 1.1e-4 and 6.8e-3, a 5.7e-4 and 9.0e-2, b 1.3e-4 and 4.0e-2"

[[table]]
name = "stellar_fates_low"
path = "stellar_fates_low.rs"
task = "stellar_fates_low"
revision = 0
inputs_sha256 = "8de9c5415278a4fc37a7e824a33eeb187366b694f456a92580ba233cc9f670c8"
body_sha256 = "894cc6f8bcbbebd503a82dd15cf6fceb13db71af90cb34a165c4692fb6a352c4"
fingerprint = [10.02221019989694, 0.539051252455084, 9.49334256406364, 0.5659998033018855]
since_generator_version = 13
provisional = false
acceptance = "20556 full tracks; 179 of 1265 cells (14.2%) left to the exact track; usable cells' bounds, median and 99th percentile: death age 1.1e-4 and 1.4e-2, a 5.9e-4 and 6.9e-3, b 3.1e-4 and 1.2e-2"

[[table]]
name = "stellar_fates_mid"
path = "stellar_fates_mid.rs"
task = "stellar_fates_mid"
revision = 0
inputs_sha256 = "7fae6837340abec7d1d9f8ee4da1178166bc97b301c5f0365f7c26362ab1b80c"
body_sha256 = "b0a62653fab8dfbc31c877cb4a7afde678bf79ee87eccddc22008ae7595eb874"
fingerprint = [8.291646730066546, 0.9157120936615865, 7.752857241525693, 1.2735669878372944]
since_generator_version = 13
provisional = false
acceptance = "22044 full tracks; 135 of 1357 cells (9.9%) left to the exact track; usable cells' bounds, median and 99th percentile: death age 1.1e-4 and 1.1e-3, a 2.4e-4 and 8.2e-3, b 5.1e-4 and 1.3e-2"

[[table]]
name = "stripping"
path = "stripping.rs"
task = "stripping"
revision = 0
inputs_sha256 = "865b5a384d01768752dcab8474e86208635c9decfce206c839ce5a8a455dac54"
body_sha256 = "688d35dc29459779a4569d5ce8125458fc04afe54e7bc4826de8092d2cb712b3"
fingerprint = [0.3460343735586854, 0.5343901251039018, 0.4818157115990379, 1.183367218815104, 1.9333278054314231, 2.8904931250733537]
since_generator_version = 16
provisional = false
acceptance = "at the centres of 330 cells, the share within 0.0688 of the exact (median 6.5e-4), the core-helium-burning radius within 0.023 relative where the cell's four radii agree to 25% (62 cells spread more)"

[[table]]
name = "type_ia_delay"
path = "type_ia_delay.rs"
task = "type_ia_delay"
revision = 0
inputs_sha256 = "c4bf45014ffd1f4f768c84287991bd5a8723f21488f9f3f4385da9d5dbc4fa50"
body_sha256 = "c356be8135a256dd4e83491211e6eb5d2dd868929792e859437efa23d6d2bf86"
fingerprint = [42550000.0, 13700000000.0, 0.00024271086255782685, 0.0008023004142646763, 12499416363.886879, 805033612.7064793, 122457088.15469107, 42548568.488513984, 0.0688898199785383, 2.5, 0.1, 3.0, 0.53, 0.3, 0.04, 0.13]
since_generator_version = 15
provisional = false
acceptance = "the yield integrates to 1.000000 of 1.3 × 10⁻³ per M☉ (passes); 0.187 of delays under 0.1 Gyr (a fifth, passes) and 0.617 under 1 Gyr (about 62%, passes); the lightest primary 2.500 M☉ and layer C's largest share 0.0e0 (passes); at Milky Way values 0.462 Type Ia a century (0.42–0.53, ruling 141.4; passes) and the old populations' exploded share of layer D 0.0360–0.0407 (2–4.5%; passes); primary white dwarfs 0.667–1.266 M☉ (Kalirai et al. 2008); the primaries' 17-point quantiles within 0.0155 of the exact mixture's CDF"

[[table]]
name = "wd_cooling"
path = "wd_cooling.rs"
task = "wd_cooling"
revision = 0
inputs_sha256 = "7c0c2c873e68f5239bdc5f16fcd19a09d1e2b68510437e071261a24ac2ec2ac0"
body_sha256 = "82470f60f0a5192e2d2e4f1272c8b39c4dc27c9e5ff9f4758ee7e8ad4503b410"
fingerprint = [382800000000000000000000000.0, 695700000.0]
since_generator_version = 11
provisional = false
acceptance = "log₁₀ L at the models' ages within 0.009 dex (rms 0.0010) over the 4221 fitted models and 0.028 dex (rms 0.0020) over the 1046 held out"
