# The fitted tables' lock file (plan 15, P15.T2): written by `hyperion-fit run`, read by
# `hyperion-fit check`. Do not edit.

[[table]]
name = "chabrier"
path = "chabrier.rs"
task = "chabrier"
revision = 1
inputs_sha256 = "ba78b5c24c758488b801da0ac940b383e36caca25147dc04bc02b0cfc65bc030"
body_sha256 = "48a15ea4f829ed94761d32db041f73dfb47a29d9170c727f01783552c70d5ed2"
fingerprint = [0.7222612477767937, 0.1276205961457899, 0.1301055942610584, 0.020012561816357913]
since_generator_version = 14
provisional = false
acceptance = "s = 0.9201 (1σ 0.8507–0.9927; under the IFMRs of Cummings 2018 0.8957, El-Badry 2018 0.9352); over primaries below 8 M☉: band shares A–D 67.7, 12.0, 16.8, 3.45% against 66.5, 12.8, 17.8, 2.85%, misses of -0.73, +1.19, +1.15, -1.53 Poisson errors, χ² 5.62 on 2 dof (passes); all stars below 0.5 M☉ 69.84% in 67.8–71.0% (passes); local mid-plane mean per system in stars and white dwarfs 0.5517 M☉ in 0.54–0.60 (passes). Reported: the all-inclusive local mean 0.6115 M☉, of which neutron stars and black holes 0.0530; the primaries' mean present mass 0.4027 M☉ against the census's 0.437"

[[table]]
name = "cluster_bh"
path = "cluster_dynamics.rs"
task = "cluster_bh"
revision = 0
inputs_sha256 = "4efee92684d31ad81aac4f53fdfc763c4b5d402a75211fe60edac1bf384906d6"
body_sha256 = "964586543142493ab4b88be0dd39b88e609d69f935c3e231310b7227bbdc8b20"
fingerprint = [0.5859340259539524, 0.04870347946249036, 7.98070989792187]
since_generator_version = 15
provisional = true
acceptance = "fitted β = 1.5623e-21, ψ₁ = 64780543383733190656.00 (β ψ₁ = 0.1012) at k = 2.5 and c = 0.138 (β and c enter only as β ÷ c) over 124 CMC models at 14 Gyr (1 of them dissolved to under 500 M☉ and left out), 97 retaining any: rms 0.476 dex in log₁₀(1 + N) over those (under 0.3; FAILS; 1.716 at the scratch constants); 19 of 34 predicted empty are empty (FAILS); on the Baumgardt–Hilker catalogue at 12 Gyr, the most in a cluster past 14 t★ 25.88 (FAILS), the median over 3 × 10⁵ M☉ 694 (tens to a few hundred; FAILS), ω Centauri 12167 (thousands; FAILS), 0.006 past the core-collapse line with none (0.15–0.25; FAILS); the table keeps plan 09's scratch β 0.0028, ψ₁ 147 until a ruling"

[[table]]
name = "cluster_retention"
path = "cluster_retention.rs"
task = "cluster_retention"
revision = 0
inputs_sha256 = "b23c1c962b071a17cf39dd5aabc161d29b71e684795831b4b0f0d7d64f66f2d7"
body_sha256 = "65ecdd71d874b61205cc20026918e47b7b8c7d793f51082432b9448b30133ec9"
fingerprint = [7.999999999999998, 100.00000000000004, -2.3010299956639813, 0.17609125905568124, 0.1, 499.9999999999999, 0.9999999999999918, 0.0, 0.38320536780072606, 0.0, 0.0, 0.02276411725143112, 0.416991557056143, 0.616794632124647, 0.0, 0.0, 0.0, 0.0, 0.0, 0.0, 0.0, 0.0, 0.4356036781681426, 0.0, 0.0, 0.0, 0.0, 0.001737317651571491, 0.012566721104308134, 0.12534630987471304, 0.5643963218318642, 0.2654526734144497, 0.0, 0.0, 0.0, 0.10462624428328901, 0.27664812006638173, 0.2989380580986681, 0.0, 0.0, 0.0, 0.0, 0.0, 0.0, 0.0, 0.0, 1.0, 1.0, 0.0, 0.0, 0.0, 0.0, 0.0, 0.0]
since_generator_version = 16
provisional = false
acceptance = "at 64 off-node points ([Fe/H] [-1.95, -1.1, -0.43, 0.05], v [3.3, 17.0, 45.0, 120.0] km/s, Chabrier and Kroupa), the tabulated neutron-star and black-hole retention within 0.00002 absolute of the exact quadrature where it is 0.05 or less and 0.0195 relative where it exceeds 0.05 (ruling 139.5: 0.005 and 3%; met); largest absolute 0.01299"

[[table]]
name = "displaced_forms"
path = "displaced_forms.rs"
task = "displaced_forms"
revision = 0
inputs_sha256 = "349d91b7c28bb56bf4dfad997f2cae86b5e316603f32d341bc337021432a3bd8"
body_sha256 = "c0f23cfb3ade5d3851ff58f45cf810967d4e828c5698f2880853a2fab448f9a0"
fingerprint = [7000.0, 223.96085201572214, 2.5745808582515446, 130.6894785661944, 1.24, 0.0054, 0.26, 1000.0, 1500.0, 0.04, 2000.0, 2500.0]
since_generator_version = 16
provisional = true
acceptance = "on P15.T6.b's smoke histograms (211 orbits): disc-born weighted mean misplaced share 0.9661 (unregularised 0.9641, λ 0.01); 52 of 56 classes with a parameter on a box edge, 19 of them over 10⁻⁴ of the weight; 66 second-difference sign changes along the rows; worst misplaced share thick disc 0.986, halo 0.983, bulge 0.998, bar 1.000, nuclear disc 0.999; own-form shares at the fixture's corotation ratio 1.24, bar 1.00, 0.00, 0.00, 0.00, bulge 0.00, 0.00, 0.00, 0.00, nuclear disc 1.00, 0.00, 0.00, 0.00; bar elongation over the control 0.80, -2.04, 1.04, 0.80, -, -, -, - and length within 0.76 of it; slowest thin class's mean rotation 0.889 `v_c`, fastest's -; the neutron stars' half-density height at 26,000 ly 238 pc; hypervelocity row misplaced 0.053, 29123 survivors inside the cube (26849 slow, 2273 fast; mean path 78662 ly), 0.017 of slow launches below 1.5 times the local escape speed. Not yet run: the universality potentials, plan 08's births' baseline and the other halo masses and corotation ratios (P15.T6.d–e), and the kick-law reweighting of the unbound, in-cube and phase-mixing checks (the histograms hold no total unbound count and one last age bin)"

[[table]]
name = "equipartition"
path = "cluster_dynamics.rs"
task = "equipartition"
revision = 0
inputs_sha256 = "f46e73a140d825480a77e18cd79ab37ad3ce3531a665c870ff0184ffb20d0402"
body_sha256 = "9a2e9fbef5a98ae3185bc365014401803712d89f5f1806decbbc7553138aea5e"
fingerprint = [0.8330288595208089, 31.2727950943177, 0.38825650148602775, 0.37499999999999994, 0.612]
since_generator_version = 15
provisional = true
acceptance = "η = 0.1675 at δ = 0.5 over 40 multimass King models (W₀ [3.0, 4.0, 5.0, 6.0, 7.0, 8.0, 9.0, 10.0], slopes [-1.5, -1.0, -0.5, 0.0, 0.5]; concentrations 0.81–2.08; mass fractions within 8.7e-12): in 0.8–1.0 (ruling 139.2; FAILS); the living classes' half-mass radii below the turn-off within 0.282 (FAILS; 10%); at plan 09's η = 1 within 0.921; the table keeps plan 09's η until a ruling"

[[table]]
name = "giant_cooling"
path = "giant_cooling.rs"
task = "giant_cooling"
revision = 0
inputs_sha256 = "f468826f1e3c3c80cb8a90021e776d20b834b36407311a7071a70d65408269ce"
body_sha256 = "a5901b07a48e7903906a7b223bf0a5311a8a372b71cb4cfe2b02f978bf743637"
fingerprint = [1898124597336050500000000000.0, 382800000000000000000000000.0, 695700000.0]
since_generator_version = 11
provisional = false
acceptance = "over the 455 rows, fit minus grid, log₁₀ L within 0.046 dex (rms 0.008) and R within 0.60% (rms 0.12%)"

[[table]]
name = "kick_rank"
path = "kick_rank.rs"
task = "kick_rank"
revision = 1
inputs_sha256 = "997c5f8c2bc05e7533413420e12f3bd12c1ebf068117256ea67d4f3369a01a04"
body_sha256 = "46c38ec84d72ea4686dad6f34231e7a62831bbc4a22d1798e02aa604bef2ee73"
fingerprint = [1.37, 1.37, 1.8423204055145894, 1.2000058311463526, 2.4085944800254784, 1.604297240012739, 3.325821827841992, 1.4325821828291228, 5.0077445862515795, 6.811951403465913, 6.747722114921276, 8.877208586350257, 7.972260428913055, 10.409751131825592, 11.927653994931292, 15.691973502837042, 0.45, 1.26, 46428852.83850509, 0.4194029742056137, 0.5246263558962185, 0.518193502001322]
since_generator_version = 16
provisional = true
acceptance = "100000 fresh scores through the table give ln(v ÷ km/s) of mean 5.6000 and standard deviation 0.6774, rank clamped and untruncated; knots strictly increasing; largest shift of a knot's rank from the committed table 0.06227"

[[table]]
name = "limb_darkening"
path = "limb_darkening.rs"
task = "limb_darkening"
revision = 0
inputs_sha256 = "ae773e492b32179a05225122a198410ae3d3ec162a02e87ed81c89720fe020aa"
body_sha256 = "18c94690bbce5e8e6fc661f6e04d8f992505c0da4285d5f13682cf39390e0ce5"
since_generator_version = 19
provisional = false
acceptance = "the Sun (5,772 K, log g 4.438) in V: c 0.7837, α 0.6884, disc average 0.7993 (Design note 16: 0.7837, 0.6893, 0.799)"

[[table]]
name = "mge"
path = "mge.rs"
task = "mge"
revision = 1
inputs_sha256 = "74e52180fba4ca14be6a2ad32f71fa447ed13e8c96a830856c3068daca748140"
body_sha256 = "516c9a020f2618c0b499ac48ca2252ef12f646cac0d7d96ecc4f37b705a3aa0b"
fingerprint = [0.55]
since_generator_version = 11
provisional = true
acceptance = "`MGE_EXP` within 1.289% of e^(−s) over s = 0.05–10; `MGE_BAR` within 2.88% of its central value over u = 0–2 and its mass within 0.212%"

[[table]]
name = "period_correction"
path = "period_correction.rs"
task = "period_correction"
revision = 0
inputs_sha256 = "1a89abede0e9e8f006b95278258df215e3beafd1a3519f32c49aa9b389734c44"
body_sha256 = "34501bdadcf01da46f8c164943cdb3cf1af9b4318418d52fdc53b1fe8fced62b"
fingerprint = [82.0, 316.94833949070386, 124.0, 492.44687660831846, 150.0, 594.6798667121063, 197.0, 744.236286347074]
since_generator_version = 14
provisional = false
acceptance = "after 12 iterations over 20000 systems a row, the worst bin's relative miss of its share before the last update: 0.0012 at 3.5 M☉ (28.87% of tries rejected, 7 of 16683 direct companions dropped); 0.0007 at 7 M☉ (53.70% of tries rejected, 58 of 25887 direct companions dropped); 0.0008 at 12 M☉ (70.87% of tries rejected, 127 of 31813 direct companions dropped); 0.0010 at 28 M☉ (72.78% of tries rejected, 241 of 41918 direct companions dropped)"

[[table]]
name = "pulsars"
path = "cluster_dynamics.rs"
task = "pulsars"
revision = 0
inputs_sha256 = "a93eaf6f23b593829cdae6a4c0bc45d69ae4a52714681b68893ac086cd3e960a"
body_sha256 = "f24767a95fc390d8f535c334f5ff904f5c2198140ed8d6a49f7dd9af71c40bfd"
since_generator_version = 15
provisional = true
acceptance = "fitted over 126 clusters (17 left out for want of a distance; 363 known pulsars): γ = 0.632 (0.5–0.9; passes), A = 38.0 at 47 Tucanae's Γ (30–50; passes), completeness distance 4.8 kpc; the implied total over the catalogue 1539 (2,000–8,000; FAILS); the table keeps plan 09's scratch A 40, γ 0.7 and cap 40 until a ruling"

[[table]]
name = "sky_binary_light_c"
path = "sky_binary_light_c.rs"
task = "sky_binary_light_c"
revision = 0
inputs_sha256 = "20f3430ceff92ef66bf400a1a4d929041ffdfbab4be4426b113742e5ddbe3861"
body_sha256 = "4dee3b4e7f2097bc743bdea6fd4265e06e63fd7f2ee6d86266e62738db01ad61"
fingerprint = [-263.8384510945144, -284.3701662348926, -409.3117285820592, -262.53682559921776, -510.04064399257015, -11.0, -2907.1959556688653, 263.83845148603166, 12.0, -128.21299145446093, -134.24803423317942, -159.8412713404328, -130.2251336048842, -290.0825242003382, -31.0, -1578.009130153469, 128.21299852885915, 34.0, 0.00029533896239450445, 0.00030965396560360165, 0.0004776864784019119, 0.000277950726713122, 0.0005312902904746037, 16.0, 0.00765854587876923, 0.00029533896239450445, 18.0]
since_generator_version = 20
provisional = false
acceptance = "130 cells × 200000 systems (26000000), 286739 changed by pair evolution; the 1-mag bins from absolute V -7 to 20 held; a cell's mean total light difference -4.5947e-1 to 1.1896e-1 L☉,V a system, its standard error at most 1.3180e-1"

[[table]]
name = "sky_binary_light_d"
path = "sky_binary_light_d.rs"
task = "sky_binary_light_d"
revision = 0
inputs_sha256 = "8992e1da34b0fa40cd339dfd38cf30dce5572fdc36265bf7f40445342dbd6033"
body_sha256 = "95bcf8f96fc6db138b2099c11284856b6fe3bc9e3ef585adc2c9e7f5200fc8e0"
fingerprint = [-114.47174946395725, -115.9504188190751, -84.82313612671568, -106.71365576186578, -418.85325886524663, -10.0, -1727.405827094146, 275.98814303147157, 13.0, -9365.577206018808, -10094.846394513854, -15121.965929181364, -9184.88412792101, -17185.754023107853, -16.0, -70782.05382749105, 9727.802720335352, 26.0, 0.0004238566453509814, 0.000440692639090153, 0.0007169574723154923, 0.0003870344014607504, 0.0007462901141235465, 47.0, 0.012291842715178462, 0.0004238566453509816, 47.0]
since_generator_version = 20
provisional = false
acceptance = "130 cells × 20000 systems (2600000), 181418 changed by pair evolution; the 1-mag bins from absolute V -8 to 20 held; a cell's mean total light difference -3.8684e1 to 2.8041e-1 L☉,V a system, its standard error at most 6.4950e0"

[[table]]
name = "sky_binary_light_e"
path = "sky_binary_light_e.rs"
task = "sky_binary_light_e"
revision = 0
inputs_sha256 = "d227f8afab2265943ce7b6595f165e1ecaa0def617b9166b0937c6fd59694126"
body_sha256 = "f4d2490189540b875b34b394acf0f1b104ac4407a6a490197c7de2ebff03a51d"
fingerprint = [-58318.987587045915, -59298.45240632111, -47233.2786698564, -58724.3157747046, -181110.99331147992, -13.0, -298009.05495329306, 86617.88762005733, 19.0, -72857.201250147, -76184.71197392023, -88633.57809533337, -72591.75852961677, -177601.86102129138, -16.0, -391530.7725037494, 99762.505611362, 24.0, 0.00010821871796195272, 0.00011251726955493272, 0.00018305297165501934, 0.00009881729398997871, 0.00019054215679750104, 12.0, 0.0031383428208966294, 0.00010821871796195272, 12.0]
since_generator_version = 20
provisional = false
acceptance = "130 cells × 20000 systems (2600000), 332332 changed by pair evolution; the 1-mag bins from absolute V -12 to 20 held; a cell's mean total light difference -7.1845e3 to 4.2664e2 L☉,V a system, its standard error at most 9.5250e2"

[[table]]
name = "sky_envelope"
path = "sky_envelope.rs"
task = "sky_envelope"
revision = 0
inputs_sha256 = "00377553328a5b60882b41de374419edba60f6a5c54f3ecb00b69718eb5f4526"
body_sha256 = "8841e95158b9b9d6cce97bd51a8509e601386bc715eba3c2b86f58d8b917c61f"
fingerprint = [198.0, 0.01240972504160122, 150.0, 13.027943055377502, 1993.4781831135954, 133.0, 10.575633729507718, 2368.9939198679826, 193.0, 6.267617009745397, 1120.9128833378002, 140.0, -5.411961658162702, 505.6570579529913, 129.0, -6.793861382632567, 88.43501502549661, 88.0, -8.90197030109447, -162.3651081653379, 40.0, -11.728990488164943, -184.84175081816403, 29.0, 13.026173102302929, 2255.3841823514726, 150.0, 10.925813147852466, 2453.6402372068605, 193.0, 6.2676170289564626, 1184.0868225594265, 140.0, -4.296032284572494, 645.9453638455362, 138.0, -5.6895332473556595, 62.13218991923444, 94.0, -8.451132076011069, -181.42412128769683, 38.0, -10.471742109188583, -203.55765805416397, 29.0]
since_generator_version = 19
provisional = false
acceptance = "198 mass nodes × 193 age bins from 9240 tracks; 1856 bins dark; every stored value brighter than the build's by 0.000000 to 0.001000 mag (never fainter, so the table bounds the build); brightest -12.850 mag"

[[table]]
name = "star_colour"
path = "star_colour.rs"
task = "star_colour"
revision = 0
inputs_sha256 = "22e9cc6a93635b9efa0a5b38fbbc1f642c2788a625be829d67d87a41591a6632"
body_sha256 = "480e557298a2cbd040c72d8773f87c92fe1b30f1c91afbd9f3ab39a667f32ef6"
fingerprint = [1.287912312603312, 1.0433846710183448, 0.9988500031135108, 0.8903220270199278]
since_generator_version = 19
provisional = false
acceptance = "ρ of a 2,856 K blackbody 1.412 (Illuminant A: 1.41), of 5,772 K 2.316 (2.32); D65 to r = g = b within 2.4e-4; `lux_per_v0` over the dwarfs' rows (log g 4.5) from 2,300 to 45,000 K spans 1.001–1.100; η☉ 2.9557 (decision-camera-eta: 3.0 ± 0.1); Pickles (1998) against the table at each type's temperature and gravity, Δ(u′, v′): A0V at 9700 K 0.0012 (under 0.005; passes), F5V at 6550 K 0.0012 (under 0.005; passes), G2V at 5770 K 0.0019 (under 0.005; passes), K0V at 5270 K 0.0032 (under 0.005; passes), K5V at 4440 K 0.0075 (under 0.008; passes: an exception, it lies 0.0075 from the table at its type's 4,440 K and matches a 4,200 K model, near Pickles' own adopted 4,188 K), G8III at 5012 K 0.0011 (under 0.005; passes), M2V at 3560 K 0.0057 (under 0.007; passes: an exception, it lies 0.006 from the table at its type's 3,560 K and matches a 3,260 K model), K0III at 4853 K 0.0050 (under 0.006; passes: an exception, it lies 0.005 from the table at its adopted 4,853 K and matches a 5,050 K model), O5V at 41540 K 0.0072 (under 0.008; passes: an exception, it lies about 0.007 off the models' locus at every temperature, likely the residual reddening of its source stars), M3III at 3631 K 0.0113 (under 0.012; passes: an exception, its colour is a 4,240 K model's, not one near its adopted 3,631 K)"

[[table]]
name = "star_colour_reddening"
path = "star_colour_reddening.rs"
task = "star_colour_reddening"
revision = 1
inputs_sha256 = "9b109b063686eb6c331f460ed52df3c52b1e76343d6c157f4f8b36e3658157ef"
body_sha256 = "cfdcb271815e7e4ae049da035dd394c0f718fb3f81f235465d52aaa9133c65fa"
fingerprint = [1.5212945245233787, 1.464555702942584, 1.287912312603312, 1.1222468788993019, 1.0433846710183448, 0.9988500031135108, 0.8903220270199278, 0.7501733911827064, 0.5974890117144327, 0.4788075325936103, 0.39463072877973937, 0.3281129386272018, 2.0, 0.3326662867807334, -0.47799120937154616, 5.0, 0.06382957850071283, -1.1949780234288654, 10.0, 0.004074215091578661, -2.3899560468577308, 15.0, 0.00026005543201670906, -3.584934070286596, 20.0, 0.00001659922861244732, -4.7799120937154616, 30.0, 0.00000006762882772139718, -7.169868140573192, 1.2, 0.9, 1.75, 0.9, 1.3333333333333333, 2.666666666666667]
since_generator_version = 20
provisional = false
acceptance = "at 5,772 K and log g 4.438, as `A_V` → 0, `A_P ÷ A_V` 0.9913 (in 0.97–1.01; passes), `A_S ÷ A_V` 1.1278, their difference 0.1365 (in 0.11–0.15; passes), `A_cam ÷ A_V` 0.8774 (in 0.84–0.92; passes) and V's own 1.0043 (in 0.99–1.02; passes); over the dwarfs' rows (log g 4.5) from 3,000 to 30,000 K, `A_P ÷ A_V` 0.9716–1.0135, `A_S ÷ A_V` 1.0975–1.1575, `A_cam ÷ A_V` 0.6344–1.0532, V's 0.9856–1.0196; over every row of both grids, the parts' photopic transmission against the direct V(λ) integral at every node within 3.6e-15 (the addendum's 10⁻⁴; passes), the sim's `lift_into_gamut` of the raw colour `unit_rgb`'s colour bit for bit on all 1754 rows, 0 of them lifted, and behind `A_V` 30, 1754 lifted (passes), and every band's depth k A rising through the nodes (passes)"

[[table]]
name = "star_colour_reddening_av02_05"
path = "star_colour_reddening_av02_05.rs"
task = "star_colour_reddening_av02_05"
revision = 1
inputs_sha256 = "155d6fbd0e812ab4b00d7b77d9d7bfce5944f9e062f9d5ba503fbc03277a187b"
body_sha256 = "ffe4815b24910ae8e36ed3014334813adfb95f55dd834e616562641fcc6b92ac"
fingerprint = [1.5212945245233787, 1.464555702942584, 1.287912312603312, 1.1222468788993019, 1.0433846710183448, 0.9988500031135108, 0.8903220270199278, 0.7501733911827064, 0.5974890117144327, 0.4788075325936103, 0.39463072877973937, 0.3281129386272018, 2.0, 0.3326662867807334, -0.47799120937154616, 5.0, 0.06382957850071283, -1.1949780234288654, 10.0, 0.004074215091578661, -2.3899560468577308, 15.0, 0.00026005543201670906, -3.584934070286596, 20.0, 0.00001659922861244732, -4.7799120937154616, 30.0, 0.00000006762882772139718, -7.169868140573192, 1.2, 0.9, 1.75, 0.9, 1.3333333333333333, 2.666666666666667]
since_generator_version = 20
provisional = false
acceptance = "at 5,772 K and log g 4.438, the secants at `A_V` 2: photopic 0.9844, scotopic 1.1178, V 0.9990, camera 0.8187; at `A_V` 5: photopic 0.9748, scotopic 1.1038, V 0.9909, camera 0.7468"

[[table]]
name = "star_colour_reddening_av10_15"
path = "star_colour_reddening_av10_15.rs"
task = "star_colour_reddening_av10_15"
revision = 1
inputs_sha256 = "dfa5fa0503c221c61e525ab480caa4d2c2b8739a12306a61b2aff00ee7bf8b4f"
body_sha256 = "26782313a030623c6ba46aec3836ce9dd99819f1c076cabb26fec48f792cfe61"
fingerprint = [1.5212945245233787, 1.464555702942584, 1.287912312603312, 1.1222468788993019, 1.0433846710183448, 0.9988500031135108, 0.8903220270199278, 0.7501733911827064, 0.5974890117144327, 0.4788075325936103, 0.39463072877973937, 0.3281129386272018, 2.0, 0.3326662867807334, -0.47799120937154616, 5.0, 0.06382957850071283, -1.1949780234288654, 10.0, 0.004074215091578661, -2.3899560468577308, 15.0, 0.00026005543201670906, -3.584934070286596, 20.0, 0.00001659922861244732, -4.7799120937154616, 30.0, 0.00000006762882772139718, -7.169868140573192, 1.2, 0.9, 1.75, 0.9, 1.3333333333333333, 2.666666666666667]
since_generator_version = 20
provisional = false
acceptance = "at 5,772 K and log g 4.438, the secants at `A_V` 10: photopic 0.9604, scotopic 1.0832, V 0.9770, camera 0.6643; at `A_V` 15: photopic 0.9474, scotopic 1.0656, V 0.9628, camera 0.6112"

[[table]]
name = "star_colour_reddening_av20_30"
path = "star_colour_reddening_av20_30.rs"
task = "star_colour_reddening_av20_30"
revision = 1
inputs_sha256 = "e16ac33d9354d421e0e88ed99aa73d2f60471c7e8adf22989bd5914a28a24f0d"
body_sha256 = "a170a7de58baa0068d599365f0448d14b3a3a9e8fe46775631e4ade00331c1ab"
fingerprint = [1.5212945245233787, 1.464555702942584, 1.287912312603312, 1.1222468788993019, 1.0433846710183448, 0.9988500031135108, 0.8903220270199278, 0.7501733911827064, 0.5974890117144327, 0.4788075325936103, 0.39463072877973937, 0.3281129386272018, 2.0, 0.3326662867807334, -0.47799120937154616, 5.0, 0.06382957850071283, -1.1949780234288654, 10.0, 0.004074215091578661, -2.3899560468577308, 15.0, 0.00026005543201670906, -3.584934070286596, 20.0, 0.00001659922861244732, -4.7799120937154616, 30.0, 0.00000006762882772139718, -7.169868140573192, 1.2, 0.9, 1.75, 0.9, 1.3333333333333333, 2.666666666666667]
since_generator_version = 20
provisional = false
acceptance = "at 5,772 K and log g 4.438, the secants at `A_V` 20: photopic 0.9353, scotopic 1.0502, V 0.9482, camera 0.5746; at `A_V` 30: photopic 0.9126, scotopic 1.0238, V 0.9184, camera 0.5264"

[[table]]
name = "stellar_fates_high"
path = "stellar_fates_high.rs"
task = "stellar_fates_high"
revision = 0
inputs_sha256 = "ab3cd3282dbb1d3cafa85ebb8470c9790bd70e78c1a05feb65903bce1bcf0eea"
body_sha256 = "0bcd17130b9317fce32dbd74cf0645de9f8bd67bbd8fd2088e6e22b10e4602fd"
fingerprint = [6.9943222296256256, 5.0077445862515795, 6.665239455001237, 18.647754626514384]
since_generator_version = 16
provisional = false
acceptance = "8260 full tracks; 99 of 1633 cells (6.1%) left to the exact track; usable cells' bounds, median and 99th percentile: death age 1.1e-4 and 6.8e-3, a 5.7e-4 and 9.0e-2, b 1.3e-4 and 4.0e-2"

[[table]]
name = "stellar_fates_low"
path = "stellar_fates_low.rs"
task = "stellar_fates_low"
revision = 0
inputs_sha256 = "8de9c5415278a4fc37a7e824a33eeb187366b694f456a92580ba233cc9f670c8"
body_sha256 = "894cc6f8bcbbebd503a82dd15cf6fceb13db71af90cb34a165c4692fb6a352c4"
fingerprint = [10.02221019989694, 0.539051252455084, 9.49334256406364, 0.5659998033018855]
since_generator_version = 13
provisional = false
acceptance = "20556 full tracks; 179 of 1265 cells (14.2%) left to the exact track; usable cells' bounds, median and 99th percentile: death age 1.1e-4 and 1.4e-2, a 5.9e-4 and 6.9e-3, b 3.1e-4 and 1.2e-2"

[[table]]
name = "stellar_fates_mid"
path = "stellar_fates_mid.rs"
task = "stellar_fates_mid"
revision = 0
inputs_sha256 = "7fae6837340abec7d1d9f8ee4da1178166bc97b301c5f0365f7c26362ab1b80c"
body_sha256 = "b0a62653fab8dfbc31c877cb4a7afde678bf79ee87eccddc22008ae7595eb874"
fingerprint = [8.291646730066546, 0.9157120936615865, 7.752857241525693, 1.2735669878372944]
since_generator_version = 13
provisional = false
acceptance = "22044 full tracks; 135 of 1357 cells (9.9%) left to the exact track; usable cells' bounds, median and 99th percentile: death age 1.1e-4 and 1.1e-3, a 2.4e-4 and 8.2e-3, b 5.1e-4 and 1.3e-2"

[[table]]
name = "stripping"
path = "stripping.rs"
task = "stripping"
revision = 0
inputs_sha256 = "865b5a384d01768752dcab8474e86208635c9decfce206c839ce5a8a455dac54"
body_sha256 = "688d35dc29459779a4569d5ce8125458fc04afe54e7bc4826de8092d2cb712b3"
fingerprint = [0.3460343735586854, 0.5343901251039018, 0.4818157115990379, 1.183367218815104, 1.9333278054314231, 2.8904931250733537]
since_generator_version = 16
provisional = false
acceptance = "at the centres of 330 cells, the share within 0.0688 of the exact (median 6.5e-4), the core-helium-burning radius within 0.023 relative where the cell's four radii agree to 25% (62 cells spread more)"

[[table]]
name = "type_ia_delay"
path = "type_ia_delay.rs"
task = "type_ia_delay"
revision = 0
inputs_sha256 = "c4bf45014ffd1f4f768c84287991bd5a8723f21488f9f3f4385da9d5dbc4fa50"
body_sha256 = "c356be8135a256dd4e83491211e6eb5d2dd868929792e859437efa23d6d2bf86"
fingerprint = [42550000.0, 13700000000.0, 0.00024271086255782685, 0.0008023004142646763, 12499416363.886879, 805033612.7064793, 122457088.15469107, 42548568.488513984, 0.0688898199785383, 2.5, 0.1, 3.0, 0.53, 0.3, 0.04, 0.13]
since_generator_version = 15
provisional = false
acceptance = "the yield integrates to 1.000000 of 1.3 × 10⁻³ per M☉ (passes); 0.187 of delays under 0.1 Gyr (a fifth, passes) and 0.617 under 1 Gyr (about 62%, passes); the lightest primary 2.500 M☉ and layer C's largest share 0.0e0 (passes); at Milky Way values 0.462 Type Ia a century (0.42–0.53, ruling 141.4; passes) and the old populations' exploded share of layer D 0.0360–0.0407 (2–4.5%; passes); primary white dwarfs 0.667–1.266 M☉ (Kalirai et al. 2008); the primaries' 17-point quantiles within 0.0155 of the exact mixture's CDF"

[[table]]
name = "wd_cooling"
path = "wd_cooling.rs"
task = "wd_cooling"
revision = 0
inputs_sha256 = "7c0c2c873e68f5239bdc5f16fcd19a09d1e2b68510437e071261a24ac2ec2ac0"
body_sha256 = "82470f60f0a5192e2d2e4f1272c8b39c4dc27c9e5ff9f4758ee7e8ad4503b410"
fingerprint = [382800000000000000000000000.0, 695700000.0]
since_generator_version = 11
provisional = false
acceptance = "log₁₀ L at the models' ages within 0.009 dex (rms 0.0010) over the 4221 fitted models and 0.028 dex (rms 0.0020) over the 1046 held out"
